
Microsoft Visual Studio Solution File, Format Version 12.00
# Visual Studio Version 16
VisualStudioVersion = 16.0.31019.35
MinimumVisualStudioVersion = 10.0.40219.1
Project("{FAE04EC0-301F-11D3-BF4B-00C04F79EFBC}") = "iengine", "iengine\iengine.csproj", "{A09598F9-A773-4023-BB86-DD62FB02972C}"
EndProject
Global
	GlobalSection(SolutionConfigurationPlatforms) = preSolution
		Debug|Any CPU = Debug|Any CPU
		Release|Any CPU = Release|Any CPU
	EndGlobalSection
	GlobalSection(ProjectConfigurationPlatforms) = postSolution
		{A09598F9-A773-4023-BB86-DD62FB02972C}.Debug|Any CPU.ActiveCfg = Debug|Any CPU
		{A09598F9-A773-4023-BB86-DD62FB02972C}.Debug|Any CPU.Build.0 = Debug|Any CPU
		{A09598F9-A773-4023-BB86-DD62FB02972C}.Release|Any CPU.ActiveCfg = Release|Any CPU
		{A09598F9-A773-4023-BB86-DD62FB02972C}.Release|Any CPU.Build.0 = Release|Any CPU
	EndGlobalSection
	GlobalSection(SolutionProperties) = preSolution
		HideSolutionNode = FALSE
	EndGlobalSection
	GlobalSection(ExtensibilityGlobals) = postSolution
		SolutionGuid = {8EB28E69-E146-4AE4-8485-FD52F4EE52A4}
	EndGlobalSection
EndGlobal
